cloud.google.com/go v0.123.0 h1:2NAUJwPR47q+E35uaJeYoNhuNEM9kM8SjgRgdeOJUSE=
cloud.google.com/go v0.123.0/go.mod h1:xBoMV08QcqUGuPW65Qfm1o9Y4zKZBpGS+7bImXLTAZU=
cloud.google.com/go/auth v0.18.2 h1:+Nbt5Ev0xEqxlNjd6c+yYUeosQ5TtEUaNcN/3FozlaM=
cloud.google.com/go/auth v0.18.2/go.mod h1:xD+oY7gcahcu7G2SG2DsBerfFxgPAJz17zz2joOFF3M=
cloud.google.com/go/compute/metadata v0.9.0 h1:pDUj4QMoPejqq20dK0Pg2N4yG9zIkYGdBtwLoEkH9Zs=
cloud.google.com/go/compute/metadata v0.9.0/go.mod h1:E0bWwX5wTnLPedCKqk3pJmVgCBSM6qQI1yTBdEb3C10=
filippo.io/edwards25519 v1.1.0 h1:FNf4tywRC1HmFuKW5xopWpigGjJKiJSV0Cqo0cJWDaA=
filippo.io/edwards25519 v1.1.0/go.mod h1:BxyFTGdWcka3PhytdK4V28tE5sGfRvvvRV7EaN4VDT4=
github.com/OvyFlash/telegram-bot-api v0.0.0-20260320094807-b5e5c4693899 h1:JJLf8U+uGpYPxGHgNNRdrAE+gQy4WVryaEJQDQbs2d8=
github.com/OvyFlash/telegram-bot-api v0.0.0-20260320094807-b5e5c4693899/go.mod h1:2nRUdsKyWhvezqW/rBGWEQdcTQeTtnbSNd2dgx76WYA=
github.com/cespare/xxhash/v2 v2.3.0 h1:UL815xU9SqsFlibzuggzjXhog7bL6oX9BbNZnL2UFvs=
github.com/cespare/xxhash/v2 v2.3.0/go.mod h1:VGX0DQ3Q6kWi7AoAeZDth3/j3BFtOZR5XLFGgcrjCOs=
github.com/davecgh/go-spew v1.1.1 h1:vj9j/u1bqnvCEfJOwUhtlOARqs3+rkHYY13jYWTU97c=
github.com/davecgh/go-spew v1.1.1/go.mod h1:J7Y8YcW2NihsgmVo/mv3lAwl/skON4iLHjSsI+c5H38=
github.com/dustin/go-humanize v1.0.1 h1:GzkhY7T5VNhEkwH0PVJgjz+fX1rhBrR7pRT3mDkpeCY=
github.com/dustin/go-humanize v1.0.1/go.mod h1:Mu1zIs6XwVuF/gI1OepvI0qD18qycQx+mFykh5fBlto=
github.com/felixge/httpsnoop v1.0.4 h1:NFTV2Zj1bL4mc9sqWACXbQFVBBg2W3GPvqp8/ESS2Wg=
github.com/felixge/httpsnoop v1.0.4/go.mod h1:m8KPJKqk1gH5J9DgRY2ASl2lWCfGKXixSwevea8zH2U=
github.com/go-gorp/gorp/v3 v3.1.0 h1:ItKF/Vbuj31dmV4jxA1qblpSwkl9g1typ24xoe70IGs=
github.com/go-gorp/gorp/v3 v3.1.0/go.mod h1:dLEjIyyRNiXvNZ8PSmzpt1GsWAUK8kjVhEpjH8TixEw=
github.com/go-logr/logr v1.2.2/go.mod h1:jdQByPbusPIv2/zmleS9BjJVeZ6kBagPoEUsqbVz/1A=
github.com/go-logr/logr v1.4.3 h1:CjnDlHq8ikf6E492q6eKboGOC0T8CDaOvkHCIg8idEI=
github.com/go-logr/logr v1.4.3/go.mod h1:9T104GzyrTigFIr8wt5mBrctHMim0Nb2HLGrmQ40KvY=
github.com/go-logr/stdr v1.2.2 h1:hSWxHoqTgW2S2qGc0LTAI563KZ5YKYRhT3MFKZMbjag=
github.com/go-logr/stdr v1.2.2/go.mod h1:mMo/vtBO5dYbehREoey6XUKy/eSumjCCveDpRre4VKE=
github.com/go-sql-driver/mysql v1.8.1 h1:LedoTUt/eveggdHS9qUFC1EFSa8bU2+1pZjSRpvNJ1Y=
github.com/go-sql-driver/mysql v1.8.1/go.mod h1:wEBSXgmK//2ZFJyE+qWnIsVGmvmEKlqwuVSjsCm7DZg=
github.com/golang/protobuf v1.5.4 h1:i7eJL8qZTpSEXOPTxNKhASYpMn+8e5Q6AdndVa1dWek=
github.com/golang/protobuf v1.5.4/go.mod h1:lnTiLA8Wa4RWRcIUkrtSVa5nRhsEGBg48fD6rSs7xps=
github.com/google/go-cmp v0.7.0 h1:wk8382ETsv4JYUZwIsn6YpYiWiBsYLSJiTsyBybVuN8=
github.com/google/go-cmp v0.7.0/go.mod h1:pXiqmnSA92OHEEa9HXL2W4E7lf9JzCmGVUdgjX3N/iU=
github.com/google/pprof v0.0.0-20250317173921-a4b03ec1a45e h1:ijClszYn+mADRFY17kjQEVQ1XRhq2/JR1M3sGqeJoxs=
github.com/google/pprof v0.0.0-20250317173921-a4b03ec1a45e/go.mod h1:boTsfXsheKC2y+lKOCMpSfarhxDeIzfZG1jqGcPl3cA=
github.com/google/s2a-go v0.1.9 h1:LGD7gtMgezd8a/Xak7mEWL0PjoTQFvpRudN895yqKW0=
github.com/google/s2a-go v0.1.9/go.mod h1:YA0Ei2ZQL3acow2O62kdp9UlnvMmU7kA6Eutn0dXayM=
github.com/google/uuid v1.0.0/go.mod h1:TIyPZe4MgqvfeYDBFedMoGGpEw/LqOeaOT+nhxU+yHo=
github.com/google/uuid v1.6.0 h1:NIvaJDMOsjHA8n1jAhLSgzrAzy1Hgr+hNrb57e+94F0=
github.com/google/uuid v1.6.0/go.mod h1:TIyPZe4MgqvfeYDBFedMoGGpEw/LqOeaOT+nhxU+yHo=
github.com/googleapis/enterprise-certificate-proxy v0.3.14 h1:yh8ncqsbUY4shRD5dA6RlzjJaT4hi3kII+zYw8wmLb8=
github.com/googleapis/enterprise-certificate-proxy v0.3.14/go.mod h1:vqVt9yG9480NtzREnTlmGSBmFrA+bzb0yl0TxoBQXOg=
github.com/googleapis/gax-go/v2 v2.19.0 h1:fYQaUOiGwll0cGj7jmHT/0nPlcrZDFPrZRhTsoCr8hE=
github.com/googleapis/gax-go/v2 v2.19.0/go.mod h1:w2ROXVdfGEVFXzmlciUU4EdjHgWvB5h2n6x/8XSTTJA=
github.com/gorilla/websocket v1.5.3 h1:saDtZ6Pbx/0u+bgYQ3q96pZgCzfhKXGPqt7kZ72aNNg=
github.com/gorilla/websocket v1.5.3/go.mod h1:YR8l580nyteQvAITg2hZ9XVh4b55+EU/adAjf1fMHhE=
github.com/hashicorp/golang-lru/v2 v2.0.7 h1:a+bsQ5rvGLjzHuww6tVxozPZFVghXaHOwFs4luLUK2k=
github.com/hashicorp/golang-lru/v2 v2.0.7/go.mod h1:QeFd9opnmA6QUJc5vARoKUSoFhyfM2/ZepoAG6RGpeM=
github.com/iamwavecut/tool v1.4.1 h1:an86tvvjPpsKOI/6hK2vMyPtCQlcrWs0fZOiO5IeWUk=
github.com/iamwavecut/tool v1.4.1/go.mod h1:tQXQCDMDf8QXh27cGLRTU7T9vNfC1M+tv4JDNdUzhX0=
github.com/jmoiron/sqlx v1.4.0 h1:1PLqN7S1UYp5t4SrVVnt4nUVNemrDAtxlulVe+Qgm3o=
github.com/jmoiron/sqlx v1.4.0/go.mod h1:ZrZ7UsYB/weZdl2Bxg6jCRO9c3YHl8r3ahlKmRT4JLY=
github.com/kr/pretty v0.3.1 h1:flRD4NNwYAUpkphVc1HcthR4KEIFJ65n8Mw5qdRn3LE=
github.com/kr/pretty v0.3.1/go.mod h1:hoEshYVHaxMs3cyo3Yncou5ZscifuDolrwPKZanG3xk=
github.com/kr/text v0.2.0 h1:5Nx0Ya0ZqY2ygV366QzturHI13Jq95ApcVaJBhpS+AY=
github.com/kr/text v0.2.0/go.mod h1:eLer722TekiGuMkidMxC/pM04lWEeraHUUmBw8l2grE=
github.com/lib/pq v1.10.9 h1:YXG7RB+JIjhP29X+OtkiDnYaXQwpS4JEWq7dtCCRUEw=
github.com/lib/pq v1.10.9/go.mod h1:AlVN5x4E4T544tWzH6hKfbfQvm3HdbOxrmggDNAPY9o=
github.com/mattn/go-isatty v0.0.20 h1:xfD0iDuEKnDkl03q4limB+vH+GxLEtL/jb4xVJSWWEY=
github.com/mattn/go-isatty v0.0.20/go.mod h1:W+V8PltTTMOvKvAeJH7IuucS94S2C6jfK/D7dTCTo3Y=
github.com/mattn/go-sqlite3 v1.14.22 h1:2gZY6PC6kBnID23Tichd1K+Z0oS6nE/XwU+Vz/5o4kU=
github.com/mattn/go-sqlite3 v1.14.22/go.mod h1:Uh1q+B4BYcTPb+yiD3kU8Ct7aC0hY9fxUwlHK0RXw+Y=
github.com/mitchellh/go-homedir v1.1.0 h1:lukF9ziXFxDFPkA1vsr5zpc1XuPDn/wFntq5mG+4E0Y=
github.com/mitchellh/go-homedir v1.1.0/go.mod h1:SfyaCUpYCn1Vlf4IUYiD9fPX4A5wJrkLzIz1N1q0pr0=
github.com/ncruces/go-strftime v1.0.0 h1:HMFp8mLCTPp341M/ZnA4qaf7ZlsbTc+miZjCLOFAw7w=
github.com/ncruces/go-strftime v1.0.0/go.mod h1:Fwc5htZGVVkseilnfgOVb9mKy6w1naJmn9CehxcKcls=
github.com/pborman/uuid v1.2.1 h1:+ZZIw58t/ozdjRaXh/3awHfmWRbzYxJoAdNJxe/3pvw=
github.com/pborman/uuid v1.2.1/go.mod h1:X/NO0urCmaxf9VXbdlT7C2Yzkj2IKimNn4k+gtPdI/k=
github.com/pkg/errors v0.9.1 h1:FEBLx1zS214owpjy7qsBeixbURkuhQAwrK5UwLGTwt4=
github.com/pkg/errors v0.9.1/go.mod h1:bwawxfHBFNV+L2hUp1rHADufV3IMtnDRdf1r5NINEl0=
github.com/pmezard/go-difflib v1.0.0 h1:4DBwDE0NGyQoBHbLQYPwSUPoCMWR5BEzIk/f1lZbAQM=
github.com/pmezard/go-difflib v1.0.0/go.mod h1:iKH77koFhYxTK1pcRnkKkqfTogsbg7gZNVY4sRDYZ/4=
github.com/poy/onpar v1.1.2 h1:QaNrNiZx0+Nar5dLgTVp5mXkyoVFIbepjyEoGSnhbAY=
github.com/poy/onpar v1.1.2/go.mod h1:6X8FLNoxyr9kkmnlqpK6LSoiOtrO6MICtWwEuWkLjzg=
github.com/remyoudompheng/bigfft v0.0.0-20230129092748-24d4a6f8daec h1:W09IVJc94icq4NjY3clb7Lk8O1qJ8BdBEF8z0ibU0rE=
github.com/remyoudompheng/bigfft v0.0.0-20230129092748-24d4a6f8daec/go.mod h1:qqbHyh8v60DhA7CoWK5oRCqLrMHRGoxYCSS9EjAz6Eo=
github.com/rogpeppe/go-internal v1.14.1 h1:UQB4HGPB6osV0SQTLymcB4TgvyWu6ZyliaW0tI/otEQ=
github.com/rogpeppe/go-internal v1.14.1/go.mod h1:MaRKkUm5W0goXpeCfT7UZI6fk/L7L7so1lCWt35ZSgc=
github.com/rubenv/sql-migrate v1.8.1 h1:EPNwCvjAowHI3TnZ+4fQu3a915OpnQoPAjTXCGOy2U0=
github.com/rubenv/sql-migrate v1.8.1/go.mod h1:BTIKBORjzyxZDS6dzoiw6eAFYJ1iNlGAtjn4LGeVjS8=
github.com/sashabaranov/go-openai v1.41.2 h1:vfPRBZNMpnqu8ELsclWcAvF19lDNgh1t6TVfFFOPiSM=
github.com/sashabaranov/go-openai v1.41.2/go.mod h1:lj5b/K+zjTSFxVLijLSTDZuP7adOgerWeFyZLUhAKRg=
github.com/sethvargo/go-envconfig v1.3.0 h1:gJs+Fuv8+f05omTpwWIu6KmuseFAXKrIaOZSh8RMt0U=
github.com/sethvargo/go-envconfig v1.3.0/go.mod h1:JLd0KFWQYzyENqnEPWWZ49i4vzZo/6nRidxI8YvGiHw=
github.com/sirupsen/logrus v1.9.4 h1:TsZE7l11zFCLZnZ+teH4Umoq5BhEIfIzfRDZ1Uzql2w=
github.com/sirupsen/logrus v1.9.4/go.mod h1:ftWc9WdOfJ0a92nsE2jF5u5ZwH8Bv2zdeOC42RjbV2g=
github.com/stretchr/testify v1.11.1 h1:7s2iGBzp5EwR7/aIZr8ao5+dra3wiQyKjjFuvgVKu7U=
github.com/stretchr/testify v1.11.1/go.mod h1:wZwfW3scLgRK+23gO65QZefKpKQRnfz6sD981Nm4B6U=
go.opentelemetry.io/auto/sdk v1.2.1 h1:jXsnJ4Lmnqd11kwkBV2LgLoFMZKizbCi5fNZ/ipaZ64=
go.opentelemetry.io/auto/sdk v1.2.1/go.mod h1:KRTj+aOaElaLi+wW1kO/DZRXwkF4C5xPbEe3ZiIhN7Y=
go.opentelemetry.io/contrib/instrumentation/net/http/otelhttp v0.67.0 h1:OyrsyzuttWTSur2qN/Lm0m2a8yqyIjUVBZcxFPuXq2o=
go.opentelemetry.io/contrib/instrumentation/net/http/otelhttp v0.67.0/go.mod h1:C2NGBr+kAB4bk3xtMXfZ94gqFDtg/GkI7e9zqGh5Beg=
go.opentelemetry.io/otel v1.42.0 h1:lSQGzTgVR3+sgJDAU/7/ZMjN9Z+vUip7leaqBKy4sho=
go.opentelemetry.io/otel v1.42.0/go.mod h1:lJNsdRMxCUIWuMlVJWzecSMuNjE7dOYyWlqOXWkdqCc=
go.opentelemetry.io/otel/metric v1.42.0 h1:2jXG+3oZLNXEPfNmnpxKDeZsFI5o4J+nz6xUlaFdF/4=
go.opentelemetry.io/otel/metric v1.42.0/go.mod h1:RlUN/7vTU7Ao/diDkEpQpnz3/92J9ko05BIwxYa2SSI=
go.opentelemetry.io/otel/sdk v1.42.0 h1:LyC8+jqk6UJwdrI/8VydAq/hvkFKNHZVIWuslJXYsDo=
go.opentelemetry.io/otel/sdk v1.42.0/go.mod h1:rGHCAxd9DAph0joO4W6OPwxjNTYWghRWmkHuGbayMts=
go.opentelemetry.io/otel/sdk/metric v1.42.0 h1:D/1QR46Clz6ajyZ3G8SgNlTJKBdGp84q9RKCAZ3YGuA=
go.opentelemetry.io/otel/sdk/metric v1.42.0/go.mod h1:Ua6AAlDKdZ7tdvaQKfSmnFTdHx37+J4ba8MwVCYM5hc=
go.opentelemetry.io/otel/trace v1.42.0 h1:OUCgIPt+mzOnaUTpOQcBiM/PLQ/Op7oq6g4LenLmOYY=
go.opentelemetry.io/otel/trace v1.42.0/go.mod h1:f3K9S+IFqnumBkKhRJMeaZeNk9epyhnCmQh/EysQCdc=
golang.org/x/crypto v0.49.0 h1:+Ng2ULVvLHnJ/ZFEq4KdcDd/cfjrrjjNSXNzxg0Y4U4=
golang.org/x/crypto v0.49.0/go.mod h1:ErX4dUh2UM+CFYiXZRTcMpEcN8b/1gxEuv3nODoYtCA=
golang.org/x/exp v0.0.0-20260312153236-7ab1446f8b90 h1:jiDhWWeC7jfWqR9c/uplMOqJ0sbNlNWv0UkzE0vX1MA=
golang.org/x/exp v0.0.0-20260312153236-7ab1446f8b90/go.mod h1:xE1HEv6b+1SCZ5/uscMRjUBKtIxworgEcEi+/n9NQDQ=
golang.org/x/mod v0.34.0 h1:xIHgNUUnW6sYkcM5Jleh05DvLOtwc6RitGHbDk4akRI=
golang.org/x/mod v0.34.0/go.mod h1:ykgH52iCZe79kzLLMhyCUzhMci+nQj+0XkbXpNYtVjY=
golang.org/x/net v0.52.0 h1:He/TN1l0e4mmR3QqHMT2Xab3Aj3L9qjbhRm78/6jrW0=
golang.org/x/net v0.52.0/go.mod h1:R1MAz7uMZxVMualyPXb+VaqGSa3LIaUqk0eEt3w36Sw=
golang.org/x/sync v0.20.0 h1:e0PTpb7pjO8GAtTs2dQ6jYa5BWYlMuX047Dco/pItO4=
golang.org/x/sync v0.20.0/go.mod h1:9xrNwdLfx4jkKbNva9FpL6vEN7evnE43NNNJQ2LF3+0=
golang.org/x/sys v0.6.0/go.mod h1:oPkhp1MJrh7nUepCBck5+mAzfO9JrbApNNgaTdGDITg=
golang.org/x/sys v0.42.0 h1:omrd2nAlyT5ESRdCLYdm3+fMfNFE/+Rf4bDIQImRJeo=
golang.org/x/sys v0.42.0/go.mod h1:4GL1E5IUh+htKOUEOaiffhrAeqysfVGipDYzABqnCmw=
golang.org/x/text v0.35.0 h1:JOVx6vVDFokkpaq1AEptVzLTpDe9KGpj5tR4/X+ybL8=
golang.org/x/text v0.35.0/go.mod h1:khi/HExzZJ2pGnjenulevKNX1W67CUy0AsXcNubPGCA=
golang.org/x/tools v0.43.0 h1:12BdW9CeB3Z+J/I/wj34VMl8X+fEXBxVR90JeMX5E7s=
golang.org/x/tools v0.43.0/go.mod h1:uHkMso649BX2cZK6+RpuIPXS3ho2hZo4FVwfoy1vIk0=
gonum.org/v1/gonum v0.16.0 h1:5+ul4Swaf3ESvrOnidPp4GZbzf0mxVQpDCYUQE7OJfk=
gonum.org/v1/gonum v0.16.0/go.mod h1:fef3am4MQ93R2HHpKnLk4/Tbh/s0+wqD5nfa6Pnwy4E=
google.golang.org/genai v1.51.0 h1:IZGuUqgfx40INv3hLFGCbOSGp0qFqm7LVmDghzNIYqg=
google.golang.org/genai v1.51.0/go.mod h1:A3kkl0nyBjyFlNjgxIwKq70julKbIxpSxqKO5gw/gmk=
google.golang.org/genproto/googleapis/rpc v0.0.0-20260319201613-d00831a3d3e7 h1:ndE4FoJqsIceKP2oYSnUZqhTdYufCYYkqwtFzfrhI7w=
google.golang.org/genproto/googleapis/rpc v0.0.0-20260319201613-d00831a3d3e7/go.mod h1:4Hqkh8ycfw05ld/3BWL7rJOSfebL2Q+DVDeRgYgxUU8=
google.golang.org/grpc v1.79.3 h1:sybAEdRIEtvcD68Gx7dmnwjZKlyfuc61Dyo9pGXXkKE=
google.golang.org/grpc v1.79.3/go.mod h1:KmT0Kjez+0dde/v2j9vzwoAScgEPx/Bw1CYChhHLrHQ=
google.golang.org/protobuf v1.36.11 h1:fV6ZwhNocDyBLK0dj+fg8ektcVegBBuEolpbTQyBNVE=
google.golang.org/protobuf v1.36.11/go.mod h1:HTf+CrKn2C3g5S8VImy6tdcUvCska2kB7j23XfzDpco=
gopkg.in/check.v1 v0.0.0-20161208181325-20d25e280405/go.mod h1:Co6ibVJAznAaIkqp8huTwlJQCZ016jof/cbN4VW5Yz0=
gopkg.in/check.v1 v1.0.0-20201130134442-10cb98267c6c h1:Hei/4ADfdWqJk1ZMxUNpqntNwaWcugrBjAiHlqqRiVk=
gopkg.in/check.v1 v1.0.0-20201130134442-10cb98267c6c/go.mod h1:JHkPIbrfpd72SG/EVd6muEfDQjcINNoR0C8j2r3qZ4Q=
gopkg.in/yaml.v2 v2.4.0 h1:D8xgwECY7CYvx+Y2n4sBz93Jn9JRvxdiyyo8CTfuKaY=
gopkg.in/yaml.v2 v2.4.0/go.mod h1:RDklbk79AGWmwhnvt/jBztapEOGDOx6ZbXqjP6csGnQ=
gopkg.in/yaml.v3 v3.0.1 h1:fxVm/GzAzEWqLHuvctI91KS9hhNmmWOoWu0XTYJS7CA=
gopkg.in/yaml.v3 v3.0.1/go.mod h1:K4uyk7z7BCEPqu6E+C64Yfv1cQ7kz7rIZviUmN+EgEM=
modernc.org/cc/v4 v4.27.1 h1:9W30zRlYrefrDV2JE2O8VDtJ1yPGownxciz5rrbQZis=
modernc.org/cc/v4 v4.27.1/go.mod h1:uVtb5OGqUKpoLWhqwNQo/8LwvoiEBLvZXIQ/SmO6mL0=
modernc.org/ccgo/v4 v4.32.0 h1:hjG66bI/kqIPX1b2yT6fr/jt+QedtP2fqojG2VrFuVw=
modernc.org/ccgo/v4 v4.32.0/go.mod h1:6F08EBCx5uQc38kMGl+0Nm0oWczoo1c7cgpzEry7Uc0=
modernc.org/fileutil v1.4.0 h1:j6ZzNTftVS054gi281TyLjHPp6CPHr2KCxEXjEbD6SM=
modernc.org/fileutil v1.4.0/go.mod h1:EqdKFDxiByqxLk8ozOxObDSfcVOv/54xDs/DUHdvCUU=
modernc.org/gc/v2 v2.6.5 h1:nyqdV8q46KvTpZlsw66kWqwXRHdjIlJOhG6kxiV/9xI=
modernc.org/gc/v2 v2.6.5/go.mod h1:YgIahr1ypgfe7chRuJi2gD7DBQiKSLMPgBQe9oIiito=
modernc.org/gc/v3 v3.1.2 h1:ZtDCnhonXSZexk/AYsegNRV1lJGgaNZJuKjJSWKyEqo=
modernc.org/gc/v3 v3.1.2/go.mod h1:HFK/6AGESC7Ex+EZJhJ2Gni6cTaYpSMmU/cT9RmlfYY=
modernc.org/goabi0 v0.2.0 h1:HvEowk7LxcPd0eq6mVOAEMai46V+i7Jrj13t4AzuNks=
modernc.org/goabi0 v0.2.0/go.mod h1:CEFRnnJhKvWT1c1JTI3Avm+tgOWbkOu5oPA8eH8LnMI=
modernc.org/libc v1.70.0 h1:U58NawXqXbgpZ/dcdS9kMshu08aiA6b7gusEusqzNkw=
modernc.org/libc v1.70.0/go.mod h1:OVmxFGP1CI/Z4L3E0Q3Mf1PDE0BucwMkcXjjLntvHJo=
modernc.org/mathutil v1.7.1 h1:GCZVGXdaN8gTqB1Mf/usp1Y/hSqgI2vAGGP4jZMCxOU=
modernc.org/mathutil v1.7.1/go.mod h1:4p5IwJITfppl0G4sUEDtCr4DthTaT47/N3aT6MhfgJg=
modernc.org/memory v1.11.0 h1:o4QC8aMQzmcwCK3t3Ux/ZHmwFPzE6hf2Y5LbkRs+hbI=
modernc.org/memory v1.11.0/go.mod h1:/JP4VbVC+K5sU2wZi9bHoq2MAkCnrt2r98UGeSK7Mjw=
modernc.org/opt v0.1.4 h1:2kNGMRiUjrp4LcaPuLY2PzUfqM/w9N23quVwhKt5Qm8=
modernc.org/opt v0.1.4/go.mod h1:03fq9lsNfvkYSfxrfUhZCWPk1lm4cq4N+Bh//bEtgns=
modernc.org/sortutil v1.2.1 h1:+xyoGf15mM3NMlPDnFqrteY07klSFxLElE2PVuWIJ7w=
modernc.org/sortutil v1.2.1/go.mod h1:7ZI3a3REbai7gzCLcotuw9AC4VZVpYMjDzETGsSMqJE=
modernc.org/sqlite v1.47.0 h1:R1XyaNpoW4Et9yly+I2EeX7pBza/w+pmYee/0HJDyKk=
modernc.org/sqlite v1.47.0/go.mod h1:hWjRO6Tj/5Ik8ieqxQybiEOUXy0NJFNp2tpvVpKlvig=
modernc.org/strutil v1.2.1 h1:UneZBkQA+DX2Rp35KcM69cSsNES9ly8mQWD71HKlOA0=
modernc.org/strutil v1.2.1/go.mod h1:EHkiggD70koQxjVdSBM3JKM7k6L0FbGE5eymy9i3B9A=
modernc.org/token v1.1.0 h1:Xl7Ap9dKaEs5kLoOQeQmPWevfnk/DM5qcLcYlA8ys6Y=
modernc.org/token v1.1.0/go.mod h1:UGzOrNV1mAFSEB63lOFHIpNRUVMvYTc6yu1SMY/XTDM=
